
Microsoft Visual Studio Solution File, Format Version 12.00
# Visual Studio Version 17
VisualStudioVersion = 17.10.35027.167
MinimumVisualStudioVersion = 10.0.40219.1
Project("{9A19103F-16F7-4668-BE54-9A1E7A4F7556}") = "CapitalLetter", "CapitalLetter\CapitalLetter.csproj", "{7499C1E7-6F8C-480E-8DAC-685FF928808D}"
EndProject
Project("{2150E333-8FDC-42A3-9474-1A3956D46DE8}") = "Elementos de la solución", "Elementos de la solución", "{9A8956D5-0EAD-4F5E-8355-C24718062724}"
EndProject
Global
	GlobalSection(SolutionConfigurationPlatforms) = preSolution
		Debug|Any CPU = Debug|Any CPU
		Release|Any CPU = Release|Any CPU
	EndGlobalSection
	GlobalSection(ProjectConfigurationPlatforms) = postSolution
		{7499C1E7-6F8C-480E-8DAC-685FF928808D}.Debug|Any CPU.ActiveCfg = Debug|Any CPU
		{7499C1E7-6F8C-480E-8DAC-685FF928808D}.Debug|Any CPU.Build.0 = Debug|Any CPU
		{7499C1E7-6F8C-480E-8DAC-685FF928808D}.Release|Any CPU.ActiveCfg = Release|Any CPU
		{7499C1E7-6F8C-480E-8DAC-685FF928808D}.Release|Any CPU.Build.0 = Release|Any CPU
	EndGlobalSection
	GlobalSection(SolutionProperties) = preSolution
		HideSolutionNode = FALSE
	EndGlobalSection
	GlobalSection(ExtensibilityGlobals) = postSolution
		SolutionGuid = {6EBD1177-96E4-48BF-93DC-0421EA9A79F5}
	EndGlobalSection
EndGlobal
